
Microsoft Visual Studio Solution File, Format Version 12.00
# Visual Studio Version 17
VisualStudioVersion = 17.11.35222.181
MinimumVisualStudioVersion = 10.0.40219.1
Project("{FAE04EC0-301F-11D3-BF4B-00C04F79EFBC}") = "proyecto_progra", "proyecto_progra\proyecto_progra.csproj", "{F85CCE57-EA96-459F-BDAF-B4DDF60F30F4}"
EndProject
Global
	GlobalSection(SolutionConfigurationPlatforms) = preSolution
		Debug|Any CPU = Debug|Any CPU
		Release|Any CPU = Release|Any CPU
	EndGlobalSection
	GlobalSection(ProjectConfigurationPlatforms) = postSolution
		{F85CCE57-EA96-459F-BDAF-B4DDF60F30F4}.Debug|Any CPU.ActiveCfg = Debug|Any CPU
		{F85CCE57-EA96-459F-BDAF-B4DDF60F30F4}.Debug|Any CPU.Build.0 = Debug|Any CPU
		{F85CCE57-EA96-459F-BDAF-B4DDF60F30F4}.Release|Any CPU.ActiveCfg = Release|Any CPU
		{F85CCE57-EA96-459F-BDAF-B4DDF60F30F4}.Release|Any CPU.Build.0 = Release|Any CPU
	EndGlobalSection
	GlobalSection(SolutionProperties) = preSolution
		HideSolutionNode = FALSE
	EndGlobalSection
	GlobalSection(ExtensibilityGlobals) = postSolution
		SolutionGuid = {F04DCE7B-B377-4BF7-BCC7-BD4F097F0735}
	EndGlobalSection
EndGlobal
